<?xml version="1.0" encoding="utf-8"?>
<Project ToolsVersion="4.0" xmlns="http://schemas.microsoft.com/developer/msbuild/2003">
  <ItemGroup>
    <Filter Include="소스 파일">
      <UniqueIdentifier>{4FC737F1-C7A5-4376-A066-2A32D752A2FF}</UniqueIdentifier>
      <Extensions>cpp;c;cc;cxx;c++;cppm;ixx;def;odl;idl;hpj;bat;asm;asmx</Extensions>
    </Filter>
    <Filter Include="헤더 파일">
      <UniqueIdentifier>{93995380-89BD-4b04-88EB-625FBE52EBFB}</UniqueIdentifier>
      <Extensions>h;hh;hpp;hxx;h++;hm;inl;inc;ipp;xsd</Extensions>
    </Filter>
  </ItemGroup>
  <ItemGroup>
    <ClCompile Include="LinkedList.cpp">
      <Filter>소스 파일</Filter>
    </ClCompile>
    <ClCompile Include="Execute.cpp" />
    <ClCompile Include="CircularLinkedList.cpp">
      <Filter>소스 파일</Filter>
    </ClCompile>
    <ClCompile Include="DoublyCircularLinkedList.cpp">
      <Filter>소스 파일</Filter>
    </ClCompile>
    <ClCompile Include="Stack.cpp">
      <Filter>소스 파일</Filter>
    </ClCompile>
    <ClCompile Include="StackLinkedList.cpp">
      <Filter>소스 파일</Filter>
    </ClCompile>
    <ClCompile Include="ArrayQueue.cpp">
      <Filter>소스 파일</Filter>
    </ClCompile>
    <ClCompile Include="CircularQueue.cpp">
      <Filter>소스 파일</Filter>
    </ClCompile>
    <ClCompile Include="Heap.cpp">
      <Filter>소스 파일</Filter>
    </ClCompile>
    <ClCompile Include="BinarySearchTree.cpp">
      <Filter>소스 파일</Filter>
    </ClCompile>
    <ClCompile Include="SortedArray.cpp">
      <Filter>소스 파일</Filter>
    </ClCompile>
    <ClCompile Include="MergeArray.cpp">
      <Filter>소스 파일</Filter>
    </ClCompile>
    <ClCompile Include="QuickArray.cpp">
      <Filter>소스 파일</Filter>
    </ClCompile>
    <ClCompile Include="BubbleArray.cpp">
      <Filter>소스 파일</Filter>
    </ClCompile>
    <ClCompile Include="SelectionArray.cpp">
      <Filter>소스 파일</Filter>
    </ClCompile>
    <ClCompile Include="ArrayGraph.cpp">
      <Filter>소스 파일</Filter>
    </ClCompile>
    <ClCompile Include="listGraph.cpp">
      <Filter>소스 파일</Filter>
    </ClCompile>
    <ClCompile Include="InsertionSort.cpp">
      <Filter>소스 파일</Filter>
    </ClCompile>
    <ClCompile Include="shellSort.cpp">
      <Filter>소스 파일</Filter>
    </ClCompile>
    <ClCompile Include="CountSort.cpp">
      <Filter>소스 파일</Filter>
    </ClCompile>
    <ClCompile Include="RadixSort.cpp">
      <Filter>소스 파일</Filter>
    </ClCompile>
    <ClCompile Include="Vector.cpp">
      <Filter>소스 파일</Filter>
    </ClCompile>
  </ItemGroup>
  <ItemGroup>
    <ClInclude Include="LinkedList.h">
      <Filter>헤더 파일</Filter>
    </ClInclude>
    <ClInclude Include="CircularLinkedList.h">
      <Filter>헤더 파일</Filter>
    </ClInclude>
    <ClInclude Include="DoublyCircularLinkedList.h">
      <Filter>헤더 파일</Filter>
    </ClInclude>
    <ClInclude Include="Stack.h">
      <Filter>헤더 파일</Filter>
    </ClInclude>
    <ClInclude Include="StackLinkedList.h">
      <Filter>헤더 파일</Filter>
    </ClInclude>
    <ClInclude Include="ArrayQueue.h">
      <Filter>헤더 파일</Filter>
    </ClInclude>
    <ClInclude Include="CircularQueue.h">
      <Filter>헤더 파일</Filter>
    </ClInclude>
    <ClInclude Include="Heap.h">
      <Filter>헤더 파일</Filter>
    </ClInclude>
    <ClInclude Include="BinarySearchTree.h">
      <Filter>헤더 파일</Filter>
    </ClInclude>
    <ClInclude Include="SortedArray.h">
      <Filter>헤더 파일</Filter>
    </ClInclude>
    <ClInclude Include="MergeArray.h">
      <Filter>헤더 파일</Filter>
    </ClInclude>
    <ClInclude Include="QuickArray.h">
      <Filter>헤더 파일</Filter>
    </ClInclude>
    <ClInclude Include="BubbleArray.h">
      <Filter>헤더 파일</Filter>
    </ClInclude>
    <ClInclude Include="SelectionArray.h">
      <Filter>헤더 파일</Filter>
    </ClInclude>
    <ClInclude Include="ArrayGraph.h">
      <Filter>헤더 파일</Filter>
    </ClInclude>
    <ClInclude Include="listGraph.h">
      <Filter>헤더 파일</Filter>
    </ClInclude>
    <ClInclude Include="InsertionSort.h">
      <Filter>헤더 파일</Filter>
    </ClInclude>
    <ClInclude Include="shellSort.h">
      <Filter>헤더 파일</Filter>
    </ClInclude>
    <ClInclude Include="CountSort.h">
      <Filter>헤더 파일</Filter>
    </ClInclude>
    <ClInclude Include="RadixSort.h">
      <Filter>헤더 파일</Filter>
    </ClInclude>
    <ClInclude Include="Vector.h">
      <Filter>헤더 파일</Filter>
    </ClInclude>
  </ItemGroup>
</Project>